
Microsoft Visual Studio Solution File, Format Version 12.00
# Visual Studio Version 17
VisualStudioVersion = 17.0.31903.59
MinimumVisualStudioVersion = 10.0.40219.1
Project("{9A19103F-16F7-4668-BE54-9A1E7A4F7556}") = "DueMap.Common", "src\DueMap.Common\DueMap.Common.csproj", "{A1A1A1A1-1111-1111-1111-111111111111}"
EndProject
Project("{9A19103F-16F7-4668-BE54-9A1E7A4F7556}") = "DueMap.Web", "src\DueMap.Web\DueMap.Web.csproj", "{A2A2A2A2-2222-2222-2222-222222222222}"
EndProject
Project("{9A19103F-16F7-4668-BE54-9A1E7A4F7556}") = "DueMap.Worker", "src\DueMap.Worker\DueMap.Worker.csproj", "{A3A3A3A3-3333-3333-3333-333333333333}"
EndProject
Project("{2150E333-8FDC-42A3-9474-1A3956D46DE8}") = "Modules", "Modules", "{C1C1C1C1-1111-1111-1111-111111111111}"
EndProject
Project("{9A19103F-16F7-4668-BE54-9A1E7A4F7556}") = "DueMap.Tenancy", "src\Modules\DueMap.Tenancy\DueMap.Tenancy.csproj", "{B1B1B1B1-1111-1111-1111-111111111111}"
EndProject
Project("{9A19103F-16F7-4668-BE54-9A1E7A4F7556}") = "DueMap.Rules", "src\Modules\DueMap.Rules\DueMap.Rules.csproj", "{B2B2B2B2-2222-2222-2222-222222222222}"
EndProject
Project("{9A19103F-16F7-4668-BE54-9A1E7A4F7556}") = "DueMap.Notices", "src\Modules\DueMap.Notices\DueMap.Notices.csproj", "{B3B3B3B3-3333-3333-3333-333333333333}"
EndProject
Project("{9A19103F-16F7-4668-BE54-9A1E7A4F7556}") = "DueMap.Billing", "src\Modules\DueMap.Billing\DueMap.Billing.csproj", "{B4B4B4B4-4444-4444-4444-444444444444}"
EndProject
Project("{9A19103F-16F7-4668-BE54-9A1E7A4F7556}") = "DueMap.Integrations", "src\Modules\DueMap.Integrations\DueMap.Integrations.csproj", "{B5B5B5B5-5555-5555-5555-555555555555}"
EndProject
Project("{9A19103F-16F7-4668-BE54-9A1E7A4F7556}") = "DueMap.Identity", "src\Modules\DueMap.Identity\DueMap.Identity.csproj", "{B6B6B6B6-6666-6666-6666-666666666666}"
EndProject
Project("{2150E333-8FDC-42A3-9474-1A3956D46DE8}") = "Solution Items", "Solution Items", "{D1D1D1D1-1111-1111-1111-111111111111}"
	ProjectSection(SolutionItems) = preProject
		README.md = README.md
		Directory.Build.props = Directory.Build.props
		.gitignore = .gitignore
	EndProjectSection
EndProject
Project("{2150E333-8FDC-42A3-9474-1A3956D46DE8}") = "tests", "tests", "{0AB3BF05-4346-4AA6-1389-037BE0695223}"
EndProject
Project("{FAE04EC0-301F-11D3-BF4B-00C04F79EFBC}") = "DueMap.Billing.Tests", "tests\DueMap.Billing.Tests\DueMap.Billing.Tests.csproj", "{BF94B42C-EC05-413B-A5B1-D19C6C3530AE}"
EndProject
Project("{2150E333-8FDC-42A3-9474-1A3956D46DE8}") = "src", "src", "{827E0CD3-B72D-47B6-A68D-7590B98EB39B}"
EndProject
Project("{2150E333-8FDC-42A3-9474-1A3956D46DE8}") = "Modules", "Modules", "{EC447DCF-ABFA-6E24-52A5-D7FD48A5C558}"
EndProject
Global
	GlobalSection(SolutionConfigurationPlatforms) = preSolution
		Debug|Any CPU = Debug|Any CPU
		Debug|x64 = Debug|x64
		Debug|x86 = Debug|x86
		Release|Any CPU = Release|Any CPU
		Release|x64 = Release|x64
		Release|x86 = Release|x86
	EndGlobalSection
	GlobalSection(ProjectConfigurationPlatforms) = postSolution
		{A1A1A1A1-1111-1111-1111-111111111111}.Debug|Any CPU.ActiveCfg = Debug|Any CPU
		{A1A1A1A1-1111-1111-1111-111111111111}.Debug|Any CPU.Build.0 = Debug|Any CPU
		{A1A1A1A1-1111-1111-1111-111111111111}.Debug|x64.ActiveCfg = Debug|Any CPU
		{A1A1A1A1-1111-1111-1111-111111111111}.Debug|x64.Build.0 = Debug|Any CPU
		{A1A1A1A1-1111-1111-1111-111111111111}.Debug|x86.ActiveCfg = Debug|Any CPU
		{A1A1A1A1-1111-1111-1111-111111111111}.Debug|x86.Build.0 = Debug|Any CPU
		{A1A1A1A1-1111-1111-1111-111111111111}.Release|Any CPU.ActiveCfg = Release|Any CPU
		{A1A1A1A1-1111-1111-1111-111111111111}.Release|Any CPU.Build.0 = Release|Any CPU
		{A1A1A1A1-1111-1111-1111-111111111111}.Release|x64.ActiveCfg = Release|Any CPU
		{A1A1A1A1-1111-1111-1111-111111111111}.Release|x64.Build.0 = Release|Any CPU
		{A1A1A1A1-1111-1111-1111-111111111111}.Release|x86.ActiveCfg = Release|Any CPU
		{A1A1A1A1-1111-1111-1111-111111111111}.Release|x86.Build.0 = Release|Any CPU
		{A2A2A2A2-2222-2222-2222-222222222222}.Debug|Any CPU.ActiveCfg = Debug|Any CPU
		{A2A2A2A2-2222-2222-2222-222222222222}.Debug|Any CPU.Build.0 = Debug|Any CPU
		{A2A2A2A2-2222-2222-2222-222222222222}.Debug|x64.ActiveCfg = Debug|Any CPU
		{A2A2A2A2-2222-2222-2222-222222222222}.Debug|x64.Build.0 = Debug|Any CPU
		{A2A2A2A2-2222-2222-2222-222222222222}.Debug|x86.ActiveCfg = Debug|Any CPU
		{A2A2A2A2-2222-2222-2222-222222222222}.Debug|x86.Build.0 = Debug|Any CPU
		{A2A2A2A2-2222-2222-2222-222222222222}.Release|Any CPU.ActiveCfg = Release|Any CPU
		{A2A2A2A2-2222-2222-2222-222222222222}.Release|Any CPU.Build.0 = Release|Any CPU
		{A2A2A2A2-2222-2222-2222-222222222222}.Release|x64.ActiveCfg = Release|Any CPU
		{A2A2A2A2-2222-2222-2222-222222222222}.Release|x64.Build.0 = Release|Any CPU
		{A2A2A2A2-2222-2222-2222-222222222222}.Release|x86.ActiveCfg = Release|Any CPU
		{A2A2A2A2-2222-2222-2222-222222222222}.Release|x86.Build.0 = Release|Any CPU
		{A3A3A3A3-3333-3333-3333-333333333333}.Debug|Any CPU.ActiveCfg = Debug|Any CPU
		{A3A3A3A3-3333-3333-3333-333333333333}.Debug|Any CPU.Build.0 = Debug|Any CPU
		{A3A3A3A3-3333-3333-3333-333333333333}.Debug|x64.ActiveCfg = Debug|Any CPU
		{A3A3A3A3-3333-3333-3333-333333333333}.Debug|x64.Build.0 = Debug|Any CPU
		{A3A3A3A3-3333-3333-3333-333333333333}.Debug|x86.ActiveCfg = Debug|Any CPU
		{A3A3A3A3-3333-3333-3333-333333333333}.Debug|x86.Build.0 = Debug|Any CPU
		{A3A3A3A3-3333-3333-3333-333333333333}.Release|Any CPU.ActiveCfg = Release|Any CPU
		{A3A3A3A3-3333-3333-3333-333333333333}.Release|Any CPU.Build.0 = Release|Any CPU
		{A3A3A3A3-3333-3333-3333-333333333333}.Release|x64.ActiveCfg = Release|Any CPU
		{A3A3A3A3-3333-3333-3333-333333333333}.Release|x64.Build.0 = Release|Any CPU
		{A3A3A3A3-3333-3333-3333-333333333333}.Release|x86.ActiveCfg = Release|Any CPU
		{A3A3A3A3-3333-3333-3333-333333333333}.Release|x86.Build.0 = Release|Any CPU
		{B1B1B1B1-1111-1111-1111-111111111111}.Debug|Any CPU.ActiveCfg = Debug|Any CPU
		{B1B1B1B1-1111-1111-1111-111111111111}.Debug|Any CPU.Build.0 = Debug|Any CPU
		{B1B1B1B1-1111-1111-1111-111111111111}.Debug|x64.ActiveCfg = Debug|Any CPU
		{B1B1B1B1-1111-1111-1111-111111111111}.Debug|x64.Build.0 = Debug|Any CPU
		{B1B1B1B1-1111-1111-1111-111111111111}.Debug|x86.ActiveCfg = Debug|Any CPU
		{B1B1B1B1-1111-1111-1111-111111111111}.Debug|x86.Build.0 = Debug|Any CPU
		{B1B1B1B1-1111-1111-1111-111111111111}.Release|Any CPU.ActiveCfg = Release|Any CPU
		{B1B1B1B1-1111-1111-1111-111111111111}.Release|Any CPU.Build.0 = Release|Any CPU
		{B1B1B1B1-1111-1111-1111-111111111111}.Release|x64.ActiveCfg = Release|Any CPU
		{B1B1B1B1-1111-1111-1111-111111111111}.Release|x64.Build.0 = Release|Any CPU
		{B1B1B1B1-1111-1111-1111-111111111111}.Release|x86.ActiveCfg = Release|Any CPU
		{B1B1B1B1-1111-1111-1111-111111111111}.Release|x86.Build.0 = Release|Any CPU
		{B2B2B2B2-2222-2222-2222-222222222222}.Debug|Any CPU.ActiveCfg = Debug|Any CPU
		{B2B2B2B2-2222-2222-2222-222222222222}.Debug|Any CPU.Build.0 = Debug|Any CPU
		{B2B2B2B2-2222-2222-2222-222222222222}.Debug|x64.ActiveCfg = Debug|Any CPU
		{B2B2B2B2-2222-2222-2222-222222222222}.Debug|x64.Build.0 = Debug|Any CPU
		{B2B2B2B2-2222-2222-2222-222222222222}.Debug|x86.ActiveCfg = Debug|Any CPU
		{B2B2B2B2-2222-2222-2222-222222222222}.Debug|x86.Build.0 = Debug|Any CPU
		{B2B2B2B2-2222-2222-2222-222222222222}.Release|Any CPU.ActiveCfg = Release|Any CPU
		{B2B2B2B2-2222-2222-2222-222222222222}.Release|Any CPU.Build.0 = Release|Any CPU
		{B2B2B2B2-2222-2222-2222-222222222222}.Release|x64.ActiveCfg = Release|Any CPU
		{B2B2B2B2-2222-2222-2222-222222222222}.Release|x64.Build.0 = Release|Any CPU
		{B2B2B2B2-2222-2222-2222-222222222222}.Release|x86.ActiveCfg = Release|Any CPU
		{B2B2B2B2-2222-2222-2222-222222222222}.Release|x86.Build.0 = Release|Any CPU
		{B3B3B3B3-3333-3333-3333-333333333333}.Debug|Any CPU.ActiveCfg = Debug|Any CPU
		{B3B3B3B3-3333-3333-3333-333333333333}.Debug|Any CPU.Build.0 = Debug|Any CPU
		{B3B3B3B3-3333-3333-3333-333333333333}.Debug|x64.ActiveCfg = Debug|Any CPU
		{B3B3B3B3-3333-3333-3333-333333333333}.Debug|x64.Build.0 = Debug|Any CPU
		{B3B3B3B3-3333-3333-3333-333333333333}.Debug|x86.ActiveCfg = Debug|Any CPU
		{B3B3B3B3-3333-3333-3333-333333333333}.Debug|x86.Build.0 = Debug|Any CPU
		{B3B3B3B3-3333-3333-3333-333333333333}.Release|Any CPU.ActiveCfg = Release|Any CPU
		{B3B3B3B3-3333-3333-3333-333333333333}.Release|Any CPU.Build.0 = Release|Any CPU
		{B3B3B3B3-3333-3333-3333-333333333333}.Release|x64.ActiveCfg = Release|Any CPU
		{B3B3B3B3-3333-3333-3333-333333333333}.Release|x64.Build.0 = Release|Any CPU
		{B3B3B3B3-3333-3333-3333-333333333333}.Release|x86.ActiveCfg = Release|Any CPU
		{B3B3B3B3-3333-3333-3333-333333333333}.Release|x86.Build.0 = Release|Any CPU
		{B4B4B4B4-4444-4444-4444-444444444444}.Debug|Any CPU.ActiveCfg = Debug|Any CPU
		{B4B4B4B4-4444-4444-4444-444444444444}.Debug|Any CPU.Build.0 = Debug|Any CPU
		{B4B4B4B4-4444-4444-4444-444444444444}.Debug|x64.ActiveCfg = Debug|Any CPU
		{B4B4B4B4-4444-4444-4444-444444444444}.Debug|x64.Build.0 = Debug|Any CPU
		{B4B4B4B4-4444-4444-4444-444444444444}.Debug|x86.ActiveCfg = Debug|Any CPU
		{B4B4B4B4-4444-4444-4444-444444444444}.Debug|x86.Build.0 = Debug|Any CPU
		{B4B4B4B4-4444-4444-4444-444444444444}.Release|Any CPU.ActiveCfg = Release|Any CPU
		{B4B4B4B4-4444-4444-4444-444444444444}.Release|Any CPU.Build.0 = Release|Any CPU
		{B4B4B4B4-4444-4444-4444-444444444444}.Release|x64.ActiveCfg = Release|Any CPU
		{B4B4B4B4-4444-4444-4444-444444444444}.Release|x64.Build.0 = Release|Any CPU
		{B4B4B4B4-4444-4444-4444-444444444444}.Release|x86.ActiveCfg = Release|Any CPU
		{B4B4B4B4-4444-4444-4444-444444444444}.Release|x86.Build.0 = Release|Any CPU
		{B5B5B5B5-5555-5555-5555-555555555555}.Debug|Any CPU.ActiveCfg = Debug|Any CPU
		{B5B5B5B5-5555-5555-5555-555555555555}.Debug|Any CPU.Build.0 = Debug|Any CPU
		{B5B5B5B5-5555-5555-5555-555555555555}.Debug|x64.ActiveCfg = Debug|Any CPU
		{B5B5B5B5-5555-5555-5555-555555555555}.Debug|x64.Build.0 = Debug|Any CPU
		{B5B5B5B5-5555-5555-5555-555555555555}.Debug|x86.ActiveCfg = Debug|Any CPU
		{B5B5B5B5-5555-5555-5555-555555555555}.Debug|x86.Build.0 = Debug|Any CPU
		{B5B5B5B5-5555-5555-5555-555555555555}.Release|Any CPU.ActiveCfg = Release|Any CPU
		{B5B5B5B5-5555-5555-5555-555555555555}.Release|Any CPU.Build.0 = Release|Any CPU
		{B5B5B5B5-5555-5555-5555-555555555555}.Release|x64.ActiveCfg = Release|Any CPU
		{B5B5B5B5-5555-5555-5555-555555555555}.Release|x64.Build.0 = Release|Any CPU
		{B5B5B5B5-5555-5555-5555-555555555555}.Release|x86.ActiveCfg = Release|Any CPU
		{B5B5B5B5-5555-5555-5555-555555555555}.Release|x86.Build.0 = Release|Any CPU
		{B6B6B6B6-6666-6666-6666-666666666666}.Debug|Any CPU.ActiveCfg = Debug|Any CPU
		{B6B6B6B6-6666-6666-6666-666666666666}.Debug|Any CPU.Build.0 = Debug|Any CPU
		{B6B6B6B6-6666-6666-6666-666666666666}.Debug|x64.ActiveCfg = Debug|Any CPU
		{B6B6B6B6-6666-6666-6666-666666666666}.Debug|x64.Build.0 = Debug|Any CPU
		{B6B6B6B6-6666-6666-6666-666666666666}.Debug|x86.ActiveCfg = Debug|Any CPU
		{B6B6B6B6-6666-6666-6666-666666666666}.Debug|x86.Build.0 = Debug|Any CPU
		{B6B6B6B6-6666-6666-6666-666666666666}.Release|Any CPU.ActiveCfg = Release|Any CPU
		{B6B6B6B6-6666-6666-6666-666666666666}.Release|Any CPU.Build.0 = Release|Any CPU
		{B6B6B6B6-6666-6666-6666-666666666666}.Release|x64.ActiveCfg = Release|Any CPU
		{B6B6B6B6-6666-6666-6666-666666666666}.Release|x64.Build.0 = Release|Any CPU
		{B6B6B6B6-6666-6666-6666-666666666666}.Release|x86.ActiveCfg = Release|Any CPU
		{B6B6B6B6-6666-6666-6666-666666666666}.Release|x86.Build.0 = Release|Any CPU
		{BF94B42C-EC05-413B-A5B1-D19C6C3530AE}.Debug|Any CPU.ActiveCfg = Debug|Any CPU
		{BF94B42C-EC05-413B-A5B1-D19C6C3530AE}.Debug|Any CPU.Build.0 = Debug|Any CPU
		{BF94B42C-EC05-413B-A5B1-D19C6C3530AE}.Debug|x64.ActiveCfg = Debug|Any CPU
		{BF94B42C-EC05-413B-A5B1-D19C6C3530AE}.Debug|x64.Build.0 = Debug|Any CPU
		{BF94B42C-EC05-413B-A5B1-D19C6C3530AE}.Debug|x86.ActiveCfg = Debug|Any CPU
		{BF94B42C-EC05-413B-A5B1-D19C6C3530AE}.Debug|x86.Build.0 = Debug|Any CPU
		{BF94B42C-EC05-413B-A5B1-D19C6C3530AE}.Release|Any CPU.ActiveCfg = Release|Any CPU
		{BF94B42C-EC05-413B-A5B1-D19C6C3530AE}.Release|Any CPU.Build.0 = Release|Any CPU
		{BF94B42C-EC05-413B-A5B1-D19C6C3530AE}.Release|x64.ActiveCfg = Release|Any CPU
		{BF94B42C-EC05-413B-A5B1-D19C6C3530AE}.Release|x64.Build.0 = Release|Any CPU
		{BF94B42C-EC05-413B-A5B1-D19C6C3530AE}.Release|x86.ActiveCfg = Release|Any CPU
		{BF94B42C-EC05-413B-A5B1-D19C6C3530AE}.Release|x86.Build.0 = Release|Any CPU
	EndGlobalSection
	GlobalSection(SolutionProperties) = preSolution
		HideSolutionNode = FALSE
	EndGlobalSection
	GlobalSection(NestedProjects) = preSolution
		{B1B1B1B1-1111-1111-1111-111111111111} = {C1C1C1C1-1111-1111-1111-111111111111}
		{B2B2B2B2-2222-2222-2222-222222222222} = {C1C1C1C1-1111-1111-1111-111111111111}
		{B3B3B3B3-3333-3333-3333-333333333333} = {C1C1C1C1-1111-1111-1111-111111111111}
		{B4B4B4B4-4444-4444-4444-444444444444} = {C1C1C1C1-1111-1111-1111-111111111111}
		{B5B5B5B5-5555-5555-5555-555555555555} = {C1C1C1C1-1111-1111-1111-111111111111}
		{B6B6B6B6-6666-6666-6666-666666666666} = {C1C1C1C1-1111-1111-1111-111111111111}
		{BF94B42C-EC05-413B-A5B1-D19C6C3530AE} = {0AB3BF05-4346-4AA6-1389-037BE0695223}
		{EC447DCF-ABFA-6E24-52A5-D7FD48A5C558} = {827E0CD3-B72D-47B6-A68D-7590B98EB39B}
	EndGlobalSection
EndGlobal
